
Microsoft Visual Studio Solution File, Format Version 9.00
# Visual Studio 2005
Project("{FAE04EC0-301F-11D3-BF4B-00C04F79EFBC}") = "MiswGame2007", "MiswGame2007\MiswGame2007.csproj", "{555DBEC5-83D7-475D-97BB-7F34DF79ED2D}"
EndProject
Project("{FAE04EC0-301F-11D3-BF4B-00C04F79EFBC}") = "Yanesdk", "Yanesdk\Yanesdk.csproj", "{5AD10454-A0F0-44D4-AC45-83F84D88250E}"
EndProject
Global
	GlobalSection(SolutionConfigurationPlatforms) = preSolution
		Debug|Any CPU = Debug|Any CPU
		Release|Any CPU = Release|Any CPU
	EndGlobalSection
	GlobalSection(ProjectConfigurationPlatforms) = postSolution
		{555DBEC5-83D7-475D-97BB-7F34DF79ED2D}.Debug|Any CPU.ActiveCfg = Debug|Any CPU
		{555DBEC5-83D7-475D-97BB-7F34DF79ED2D}.Debug|Any CPU.Build.0 = Debug|Any CPU
		{555DBEC5-83D7-475D-97BB-7F34DF79ED2D}.Release|Any CPU.ActiveCfg = Release|Any CPU
		{555DBEC5-83D7-475D-97BB-7F34DF79ED2D}.Release|Any CPU.Build.0 = Release|Any CPU
		{5AD10454-A0F0-44D4-AC45-83F84D88250E}.Debug|Any CPU.ActiveCfg = Debug|Any CPU
		{5AD10454-A0F0-44D4-AC45-83F84D88250E}.Debug|Any CPU.Build.0 = Debug|Any CPU
		{5AD10454-A0F0-44D4-AC45-83F84D88250E}.Release|Any CPU.ActiveCfg = Release|Any CPU
		{5AD10454-A0F0-44D4-AC45-83F84D88250E}.Release|Any CPU.Build.0 = Release|Any CPU
	EndGlobalSection
	GlobalSection(SolutionProperties) = preSolution
		HideSolutionNode = FALSE
	EndGlobalSection
EndGlobal
